// !$*UTF8*$!
{
	archiveVersion = 1;
	classes = {
	};
	objectVersion = 42;
	objects = {

/* Begin PBXBuildFile section */
		464D9ADE0C6A622B005A0582 /* CTBadge.h in Headers */ = {isa = PBXBuildFile; fileRef = 464D9ADA0C6A622B005A0582 /* CTBadge.h */; };
		464D9ADF0C6A622B005A0582 /* CTBadge.m in Sources */ = {isa = PBXBuildFile; fileRef = 464D9ADB0C6A622B005A0582 /* CTBadge.m */; };
		464D9AE00C6A622B005A0582 /* CTGradient.h in Headers */ = {isa = PBXBuildFile; fileRef = 464D9ADC0C6A622B005A0582 /* CTGradient.h */; };
		464D9AE10C6A622B005A0582 /* CTGradient.m in Sources */ = {isa = PBXBuildFile; fileRef = 464D9ADD0C6A622B005A0582 /* CTGradient.m */; };
		464D9B790C6A760B005A0582 /* CTBadge_1.pdf in Resources */ = {isa = PBXBuildFile; fileRef = 464D9B750C6A760B005A0582 /* CTBadge_1.pdf */; };
		464D9B7A0C6A760B005A0582 /* CTBadge_3.pdf in Resources */ = {isa = PBXBuildFile; fileRef = 464D9B760C6A760B005A0582 /* CTBadge_3.pdf */; };
		464D9B7B0C6A760B005A0582 /* CTBadge_4.pdf in Resources */ = {isa = PBXBuildFile; fileRef = 464D9B770C6A760B005A0582 /* CTBadge_4.pdf */; };
		464D9B7C0C6A760B005A0582 /* CTBadge_5.pdf in Resources */ = {isa = PBXBuildFile; fileRef = 464D9B780C6A760B005A0582 /* CTBadge_5.pdf */; };
		4DB6164E061B59EA002EF355 /* AntiRSI.h in Headers */ = {isa = PBXBuildFile; fileRef = 4DB6164C061B59EA002EF355 /* AntiRSI.h */; };
		4DB6164F061B59EA002EF355 /* AntiRSI.m in Sources */ = {isa = PBXBuildFile; fileRef = 4DB6164D061B59EA002EF355 /* AntiRSI.m */; };
		4DF73F67061E136200B0D9C9 /* AntiRSIView.m in Sources */ = {isa = PBXBuildFile; fileRef = 4DF73F65061E136200B0D9C9 /* AntiRSIView.m */; };
		4DF73F68061E136200B0D9C9 /* AntiRSIView.h in Headers */ = {isa = PBXBuildFile; fileRef = 4DF73F66061E136200B0D9C9 /* AntiRSIView.h */; };
		4DF73F86061E155C00B0D9C9 /* AntiRSI.icns in Resources */ = {isa = PBXBuildFile; fileRef = 4DF73F85061E155C00B0D9C9 /* AntiRSI.icns */; };
		8D1107280486CEB800E47090 /* AntiRSI_Prefix.pch in Headers */ = {isa = PBXBuildFile; fileRef = 32CA4F630368D1EE00C91783 /* AntiRSI_Prefix.pch */; };
		8D11072A0486CEB800E47090 /* MainMenu.nib in Resources */ = {isa = PBXBuildFile; fileRef = 29B97318FDCFA39411CA2CEA /* MainMenu.nib */; };
		8D11072B0486CEB800E47090 /* InfoPlist.strings in Resources */ = {isa = PBXBuildFile; fileRef = 089C165CFE840E0CC02AAC07 /* InfoPlist.strings */; };
		8D11072D0486CEB800E47090 /* main.m in Sources */ = {isa = PBXBuildFile; fileRef = 29B97316FDCFA39411CA2CEA /* main.m */; settings = {ATTRIBUTES = (); }; };
		8D11072F0486CEB800E47090 /* Cocoa.framework in Frameworks */ = {isa = PBXBuildFile; fileRef = 1058C7A1FEA54F0111CA2CBB /* Cocoa.framework */; };
		E1203BFC0894184900759E75 /* ApplicationServices.framework in Frameworks */ = {isa = PBXBuildFile; fileRef = E1203BFB0894184900759E75 /* ApplicationServices.framework */; };
		E128CD160D0A40660031ACD5 /* AntiRSIButton.h in Headers */ = {isa = PBXBuildFile; fileRef = E128CD140D0A40660031ACD5 /* AntiRSIButton.h */; };
		E128CD170D0A40660031ACD5 /* AntiRSIButton.m in Sources */ = {isa = PBXBuildFile; fileRef = E128CD150D0A40660031ACD5 /* AntiRSIButton.m */; };
		E1F60361098592D800806C3B /* AntiRSILevelIndicator.m in Sources */ = {isa = PBXBuildFile; fileRef = E1F6035F098592D800806C3B /* AntiRSILevelIndicator.m */; };
		E1F60362098592D800806C3B /* AntiRSILevelIndicator.h in Headers */ = {isa = PBXBuildFile; fileRef = E1F60360098592D800806C3B /* AntiRSILevelIndicator.h */; };
/* End PBXBuildFile section */

/* Begin PBXFileReference section */
		089C165DFE840E0CC02AAC07 /* English */ = {isa = PBXFileReference; fileEncoding = 10; lastKnownFileType = text.plist.strings; name = English; path = English.lproj/InfoPlist.strings; sourceTree = "<group>"; };
		1058C7A1FEA54F0111CA2CBB /* Cocoa.framework */ = {isa = PBXFileReference; lastKnownFileType = wrapper.framework; name = Cocoa.framework; path = /System/Library/Frameworks/Cocoa.framework; sourceTree = "<absolute>"; };
		29B97316FDCFA39411CA2CEA /* main.m */ = {isa = PBXFileReference; fileEncoding = 30; lastKnownFileType = sourcecode.c.objc; path = main.m; sourceTree = "<group>"; };
		29B97319FDCFA39411CA2CEA /* English */ = {isa = PBXFileReference; lastKnownFileType = wrapper.nib; name = English; path = English.lproj/MainMenu.nib; sourceTree = "<group>"; };
		29B97324FDCFA39411CA2CEA /* AppKit.framework */ = {isa = PBXFileReference; lastKnownFileType = wrapper.framework; name = AppKit.framework; path = /System/Library/Frameworks/AppKit.framework; sourceTree = "<absolute>"; };
		29B97325FDCFA39411CA2CEA /* Foundation.framework */ = {isa = PBXFileReference; lastKnownFileType = wrapper.framework; name = Foundation.framework; path = /System/Library/Frameworks/Foundation.framework; sourceTree = "<absolute>"; };
		32CA4F630368D1EE00C91783 /* AntiRSI_Prefix.pch */ = {isa = PBXFileReference; fileEncoding = 4; lastKnownFileType = sourcecode.c.h; path = AntiRSI_Prefix.pch; sourceTree = "<group>"; };
		464D9ADA0C6A622B005A0582 /* CTBadge.h */ = {isa = PBXFileReference; fileEncoding = 30; lastKnownFileType = sourcecode.c.h; name = CTBadge.h; path = CTBadge/CTBadge.h; sourceTree = "<group>"; };
		464D9ADB0C6A622B005A0582 /* CTBadge.m */ = {isa = PBXFileReference; fileEncoding = 30; indentWidth = 2; lastKnownFileType = sourcecode.c.objc; name = CTBadge.m; path = CTBadge/CTBadge.m; sourceTree = "<group>"; tabWidth = 4; usesTabs = 0; };
		464D9ADC0C6A622B005A0582 /* CTGradient.h */ = {isa = PBXFileReference; fileEncoding = 30; lastKnownFileType = sourcecode.c.h; name = CTGradient.h; path = CTBadge/CTGradient.h; sourceTree = "<group>"; };
		464D9ADD0C6A622B005A0582 /* CTGradient.m */ = {isa = PBXFileReference; fileEncoding = 30; indentWidth = 2; lastKnownFileType = sourcecode.c.objc; name = CTGradient.m; path = CTBadge/CTGradient.m; sourceTree = "<group>"; tabWidth = 4; };
		464D9B750C6A760B005A0582 /* CTBadge_1.pdf */ = {isa = PBXFileReference; lastKnownFileType = image.pdf; path = CTBadge_1.pdf; sourceTree = "<group>"; };
		464D9B760C6A760B005A0582 /* CTBadge_3.pdf */ = {isa = PBXFileReference; lastKnownFileType = image.pdf; path = CTBadge_3.pdf; sourceTree = "<group>"; };
		464D9B770C6A760B005A0582 /* CTBadge_4.pdf */ = {isa = PBXFileReference; lastKnownFileType = image.pdf; path = CTBadge_4.pdf; sourceTree = "<group>"; };
		464D9B780C6A760B005A0582 /* CTBadge_5.pdf */ = {isa = PBXFileReference; lastKnownFileType = image.pdf; path = CTBadge_5.pdf; sourceTree = "<group>"; };
		4DB6164C061B59EA002EF355 /* AntiRSI.h */ = {isa = PBXFileReference; fileEncoding = 30; lastKnownFileType = sourcecode.c.h; path = AntiRSI.h; sourceTree = "<group>"; };
		4DB6164D061B59EA002EF355 /* AntiRSI.m */ = {isa = PBXFileReference; fileEncoding = 30; lastKnownFileType = sourcecode.c.objc; path = AntiRSI.m; sourceTree = "<group>"; tabWidth = 8; wrapsLines = 1; };
		4DF73F65061E136200B0D9C9 /* AntiRSIView.m */ = {isa = PBXFileReference; fileEncoding = 30; lastKnownFileType = sourcecode.c.objc; path = AntiRSIView.m; sourceTree = "<group>"; };
		4DF73F66061E136200B0D9C9 /* AntiRSIView.h */ = {isa = PBXFileReference; fileEncoding = 30; lastKnownFileType = sourcecode.c.h; path = AntiRSIView.h; sourceTree = "<group>"; };
		4DF73F85061E155C00B0D9C9 /* AntiRSI.icns */ = {isa = PBXFileReference; lastKnownFileType = image.icns; path = AntiRSI.icns; sourceTree = "<group>"; };
		8D1107310486CEB800E47090 /* Info.plist */ = {isa = PBXFileReference; fileEncoding = 4; lastKnownFileType = text.plist; path = Info.plist; sourceTree = "<group>"; };
		8D1107320486CEB800E47090 /* AntiRSI.app */ = {isa = PBXFileReference; explicitFileType = wrapper.application; includeInIndex = 0; path = AntiRSI.app; sourceTree = BUILT_PRODUCTS_DIR; };
		E1203BFB0894184900759E75 /* ApplicationServices.framework */ = {isa = PBXFileReference; lastKnownFileType = wrapper.framework; name = ApplicationServices.framework; path = /System/Library/Frameworks/ApplicationServices.framework; sourceTree = "<absolute>"; };
		E128CD140D0A40660031ACD5 /* AntiRSIButton.h */ = {isa = PBXFileReference; fileEncoding = 4; lastKnownFileType = sourcecode.c.h; path = AntiRSIButton.h; sourceTree = "<group>"; };
		E128CD150D0A40660031ACD5 /* AntiRSIButton.m */ = {isa = PBXFileReference; fileEncoding = 4; lastKnownFileType = sourcecode.c.objc; path = AntiRSIButton.m; sourceTree = "<group>"; };
		E1F6035F098592D800806C3B /* AntiRSILevelIndicator.m */ = {isa = PBXFileReference; fileEncoding = 30; lastKnownFileType = sourcecode.c.objc; path = AntiRSILevelIndicator.m; sourceTree = "<group>"; };
		E1F60360098592D800806C3B /* AntiRSILevelIndicator.h */ = {isa = PBXFileReference; fileEncoding = 30; lastKnownFileType = sourcecode.c.h; path = AntiRSILevelIndicator.h; sourceTree = "<group>"; };
/* End PBXFileReference section */

/* Begin PBXFrameworksBuildPhase section */
		8D11072E0486CEB800E47090 /* Frameworks */ = {
			isa = PBXFrameworksBuildPhase;
			buildActionMask = 2147483647;
			files = (
				8D11072F0486CEB800E47090 /* Cocoa.framework in Frameworks */,
				E1203BFC0894184900759E75 /* ApplicationServices.framework in Frameworks */,
			);
			runOnlyForDeploymentPostprocessing = 0;
		};
/* End PBXFrameworksBuildPhase section */

/* Begin PBXGroup section */
		080E96DDFE201D6D7F000001 /* Classes */ = {
			isa = PBXGroup;
			children = (
				4DB6164C061B59EA002EF355 /* AntiRSI.h */,
				4DB6164D061B59EA002EF355 /* AntiRSI.m */,
				4DF73F66061E136200B0D9C9 /* AntiRSIView.h */,
				4DF73F65061E136200B0D9C9 /* AntiRSIView.m */,
				E1F60360098592D800806C3B /* AntiRSILevelIndicator.h */,
				E1F6035F098592D800806C3B /* AntiRSILevelIndicator.m */,
				E128CD140D0A40660031ACD5 /* AntiRSIButton.h */,
				E128CD150D0A40660031ACD5 /* AntiRSIButton.m */,
			);
			name = Classes;
			sourceTree = "<group>";
		};
		1058C7A0FEA54F0111CA2CBB /* Linked Frameworks */ = {
			isa = PBXGroup;
			children = (
				1058C7A1FEA54F0111CA2CBB /* Cocoa.framework */,
			);
			name = "Linked Frameworks";
			sourceTree = "<group>";
		};
		1058C7A2FEA54F0111CA2CBB /* Other Frameworks */ = {
			isa = PBXGroup;
			children = (
				E1203BFB0894184900759E75 /* ApplicationServices.framework */,
				29B97325FDCFA39411CA2CEA /* Foundation.framework */,
				29B97324FDCFA39411CA2CEA /* AppKit.framework */,
			);
			name = "Other Frameworks";
			sourceTree = "<group>";
		};
		19C28FACFE9D520D11CA2CBB /* Products */ = {
			isa = PBXGroup;
			children = (
				8D1107320486CEB800E47090 /* AntiRSI.app */,
			);
			name = Products;
			sourceTree = "<group>";
		};
		29B97314FDCFA39411CA2CEA /* AntiRSI */ = {
			isa = PBXGroup;
			children = (
				080E96DDFE201D6D7F000001 /* Classes */,
				464D9AE40C6A622F005A0582 /* CTBadge */,
				29B97315FDCFA39411CA2CEA /* Other Sources */,
				29B97317FDCFA39411CA2CEA /* Resources */,
				29B97323FDCFA39411CA2CEA /* Frameworks */,
				19C28FACFE9D520D11CA2CBB /* Products */,
			);
			name = AntiRSI;
			sourceTree = "<group>";
		};
		29B97315FDCFA39411CA2CEA /* Other Sources */ = {
			isa = PBXGroup;
			children = (
				32CA4F630368D1EE00C91783 /* AntiRSI_Prefix.pch */,
				29B97316FDCFA39411CA2CEA /* main.m */,
			);
			name = "Other Sources";
			sourceTree = "<group>";
		};
		29B97317FDCFA39411CA2CEA /* Resources */ = {
			isa = PBXGroup;
			children = (
				4DF73F85061E155C00B0D9C9 /* AntiRSI.icns */,
				8D1107310486CEB800E47090 /* Info.plist */,
				089C165CFE840E0CC02AAC07 /* InfoPlist.strings */,
				29B97318FDCFA39411CA2CEA /* MainMenu.nib */,
			);
			name = Resources;
			sourceTree = "<group>";
		};
		29B97323FDCFA39411CA2CEA /* Frameworks */ = {
			isa = PBXGroup;
			children = (
				1058C7A0FEA54F0111CA2CBB /* Linked Frameworks */,
				1058C7A2FEA54F0111CA2CBB /* Other Frameworks */,
			);
			name = Frameworks;
			sourceTree = "<group>";
		};
		464D9AE40C6A622F005A0582 /* CTBadge */ = {
			isa = PBXGroup;
			children = (
				464D9B740C6A760B005A0582 /* badges */,
				464D9ADA0C6A622B005A0582 /* CTBadge.h */,
				464D9ADB0C6A622B005A0582 /* CTBadge.m */,
				464D9ADC0C6A622B005A0582 /* CTGradient.h */,
				464D9ADD0C6A622B005A0582 /* CTGradient.m */,
			);
			name = CTBadge;
			sourceTree = "<group>";
		};
		464D9B740C6A760B005A0582 /* badges */ = {
			isa = PBXGroup;
			children = (
				464D9B750C6A760B005A0582 /* CTBadge_1.pdf */,
				464D9B760C6A760B005A0582 /* CTBadge_3.pdf */,
				464D9B770C6A760B005A0582 /* CTBadge_4.pdf */,
				464D9B780C6A760B005A0582 /* CTBadge_5.pdf */,
			);
			name = badges;
			path = CTBadge/badges;
			sourceTree = "<group>";
		};
/* End PBXGroup section */

/* Begin PBXHeadersBuildPhase section */
		8D1107270486CEB800E47090 /* Headers */ = {
			isa = PBXHeadersBuildPhase;
			buildActionMask = 2147483647;
			files = (
				8D1107280486CEB800E47090 /* AntiRSI_Prefix.pch in Headers */,
				4DB6164E061B59EA002EF355 /* AntiRSI.h in Headers */,
				4DF73F68061E136200B0D9C9 /* AntiRSIView.h in Headers */,
				E1F60362098592D800806C3B /* AntiRSILevelIndicator.h in Headers */,
				464D9ADE0C6A622B005A0582 /* CTBadge.h in Headers */,
				464D9AE00C6A622B005A0582 /* CTGradient.h in Headers */,
				E128CD160D0A40660031ACD5 /* AntiRSIButton.h in Headers */,
			);
			runOnlyForDeploymentPostprocessing = 0;
		};
/* End PBXHeadersBuildPhase section */

/* Begin PBXNativeTarget section */
		8D1107260486CEB800E47090 /* AntiRSI */ = {
			isa = PBXNativeTarget;
			buildConfigurationList = E1203B7B0894152100759E75 /* Build configuration list for PBXNativeTarget "AntiRSI" */;
			buildPhases = (
				8D1107270486CEB800E47090 /* Headers */,
				8D1107290486CEB800E47090 /* Resources */,
				8D11072C0486CEB800E47090 /* Sources */,
				8D11072E0486CEB800E47090 /* Frameworks */,
			);
			buildRules = (
			);
			dependencies = (
			);
			name = AntiRSI;
			productInstallPath = "$(HOME)/Applications";
			productName = AntiRSI;
			productReference = 8D1107320486CEB800E47090 /* AntiRSI.app */;
			productType = "com.apple.product-type.application";
		};
/* End PBXNativeTarget section */

/* Begin PBXProject section */
		29B97313FDCFA39411CA2CEA /* Project object */ = {
			isa = PBXProject;
			buildConfigurationList = E1203B7F0894152100759E75 /* Build configuration list for PBXProject "AntiRSI" */;
			compatibilityVersion = "Xcode 2.4";
			hasScannedForEncodings = 1;
			knownRegions = (
				English,
				Japanese,
				French,
				German,
				Spanish,
			);
			mainGroup = 29B97314FDCFA39411CA2CEA /* AntiRSI */;
			projectDirPath = "";
			projectRoot = "";
			targets = (
				8D1107260486CEB800E47090 /* AntiRSI */,
			);
		};
/* End PBXProject section */

/* Begin PBXResourcesBuildPhase section */
		8D1107290486CEB800E47090 /* Resources */ = {
			isa = PBXResourcesBuildPhase;
			buildActionMask = 2147483647;
			files = (
				8D11072A0486CEB800E47090 /* MainMenu.nib in Resources */,
				8D11072B0486CEB800E47090 /* InfoPlist.strings in Resources */,
				4DF73F86061E155C00B0D9C9 /* AntiRSI.icns in Resources */,
				464D9B790C6A760B005A0582 /* CTBadge_1.pdf in Resources */,
				464D9B7A0C6A760B005A0582 /* CTBadge_3.pdf in Resources */,
				464D9B7B0C6A760B005A0582 /* CTBadge_4.pdf in Resources */,
				464D9B7C0C6A760B005A0582 /* CTBadge_5.pdf in Resources */,
			);
			runOnlyForDeploymentPostprocessing = 0;
		};
/* End PBXResourcesBuildPhase section */

/* Begin PBXSourcesBuildPhase section */
		8D11072C0486CEB800E47090 /* Sources */ = {
			isa = PBXSourcesBuildPhase;
			buildActionMask = 2147483647;
			files = (
				8D11072D0486CEB800E47090 /* main.m in Sources */,
				4DB6164F061B59EA002EF355 /* AntiRSI.m in Sources */,
				4DF73F67061E136200B0D9C9 /* AntiRSIView.m in Sources */,
				E1F60361098592D800806C3B /* AntiRSILevelIndicator.m in Sources */,
				464D9ADF0C6A622B005A0582 /* CTBadge.m in Sources */,
				464D9AE10C6A622B005A0582 /* CTGradient.m in Sources */,
				E128CD170D0A40660031ACD5 /* AntiRSIButton.m in Sources */,
			);
			runOnlyForDeploymentPostprocessing = 0;
		};
/* End PBXSourcesBuildPhase section */

/* Begin PBXVariantGroup section */
		089C165CFE840E0CC02AAC07 /* InfoPlist.strings */ = {
			isa = PBXVariantGroup;
			children = (
				089C165DFE840E0CC02AAC07 /* English */,
			);
			name = InfoPlist.strings;
			sourceTree = "<group>";
		};
		29B97318FDCFA39411CA2CEA /* MainMenu.nib */ = {
			isa = PBXVariantGroup;
			children = (
				29B97319FDCFA39411CA2CEA /* English */,
			);
			name = MainMenu.nib;
			sourceTree = "<group>";
		};
/* End PBXVariantGroup section */

/* Begin XCBuildConfiguration section */
		E1203B7C0894152100759E75 /* Development */ = {
			isa = XCBuildConfiguration;
			buildSettings = {
				COPY_PHASE_STRIP = NO;
				DEBUGGING_SYMBOLS = YES;
				DEPLOYMENT_LOCATION = NO;
				FRAMEWORK_SEARCH_PATHS = "\"$(SYSTEM_LIBRARY_DIR)/Frameworks/ApplicationServices.framework/Versions/A/Frameworks\"";
				GCC_DYNAMIC_NO_PIC = NO;
				GCC_ENABLE_FIX_AND_CONTINUE = YES;
				GCC_ENABLE_TRIGRAPHS = NO;
				GCC_GENERATE_DEBUGGING_SYMBOLS = YES;
				GCC_OPTIMIZATION_LEVEL = 0;
				GCC_PRECOMPILE_PREFIX_HEADER = YES;
				GCC_PREFIX_HEADER = AntiRSI_Prefix.pch;
				GCC_WARN_ABOUT_MISSING_PROTOTYPES = NO;
				GCC_WARN_FOUR_CHARACTER_CONSTANTS = NO;
				GCC_WARN_UNKNOWN_PRAGMAS = NO;
				HEADER_SEARCH_PATHS = "";
				INFOPLIST_FILE = Info.plist;
				INSTALL_PATH = "$(HOME)/Applications";
				LIBRARY_SEARCH_PATHS = "";
				OPTIMIZATION_CFLAGS = "-O0";
				OTHER_CFLAGS = "";
				OTHER_LDFLAGS = "";
				PRODUCT_NAME = AntiRSI;
				SECTORDER_FLAGS = "";
				WARNING_CFLAGS = (
					"-Wmost",
					"-Wno-four-char-constants",
					"-Wno-unknown-pragmas",
				);
				WRAPPER_EXTENSION = app;
				ZERO_LINK = YES;
			};
			name = Development;
		};
		E1203B7D0894152100759E75 /* Deployment */ = {
			isa = XCBuildConfiguration;
			buildSettings = {
				COPY_PHASE_STRIP = YES;
				DEPLOYMENT_LOCATION = NO;
				FRAMEWORK_SEARCH_PATHS = "\"$(SYSTEM_LIBRARY_DIR)/Frameworks/ApplicationServices.framework/Versions/A/Frameworks\"";
				GCC_ENABLE_FIX_AND_CONTINUE = NO;
				GCC_ENABLE_TRIGRAPHS = NO;
				GCC_GENERATE_DEBUGGING_SYMBOLS = NO;
				GCC_PRECOMPILE_PREFIX_HEADER = YES;
				GCC_PREFIX_HEADER = AntiRSI_Prefix.pch;
				GCC_WARN_ABOUT_MISSING_PROTOTYPES = NO;
				GCC_WARN_FOUR_CHARACTER_CONSTANTS = NO;
				GCC_WARN_UNKNOWN_PRAGMAS = NO;
				HEADER_SEARCH_PATHS = "";
				INFOPLIST_FILE = Info.plist;
				INSTALL_PATH = "$(HOME)/Applications";
				LIBRARY_SEARCH_PATHS = "";
				OTHER_CFLAGS = "";
				OTHER_LDFLAGS = "";
				PRODUCT_NAME = AntiRSI;
				SECTORDER_FLAGS = "";
				WARNING_CFLAGS = (
					"-Wmost",
					"-Wno-four-char-constants",
					"-Wno-unknown-pragmas",
				);
				WRAPPER_EXTENSION = app;
				ZERO_LINK = NO;
			};
			name = Deployment;
		};
		E1203B7E0894152100759E75 /* Default */ = {
			isa = XCBuildConfiguration;
			buildSettings = {
				DEPLOYMENT_LOCATION = NO;
				FRAMEWORK_SEARCH_PATHS = "\"$(SYSTEM_LIBRARY_DIR)/Frameworks/ApplicationServices.framework/Versions/A/Frameworks\"";
				GCC_ENABLE_TRIGRAPHS = NO;
				GCC_GENERATE_DEBUGGING_SYMBOLS = NO;
				GCC_PRECOMPILE_PREFIX_HEADER = YES;
				GCC_PREFIX_HEADER = AntiRSI_Prefix.pch;
				GCC_WARN_ABOUT_MISSING_PROTOTYPES = NO;
				GCC_WARN_FOUR_CHARACTER_CONSTANTS = NO;
				GCC_WARN_UNKNOWN_PRAGMAS = NO;
				HEADER_SEARCH_PATHS = "";
				INFOPLIST_FILE = Info.plist;
				INSTALL_PATH = "$(HOME)/Applications";
				LIBRARY_SEARCH_PATHS = "";
				OTHER_CFLAGS = "";
				OTHER_LDFLAGS = "";
				PRODUCT_NAME = AntiRSI;
				SECTORDER_FLAGS = "";
				WARNING_CFLAGS = (
					"-Wmost",
					"-Wno-four-char-constants",
					"-Wno-unknown-pragmas",
				);
				WRAPPER_EXTENSION = app;
			};
			name = Default;
		};
		E1203B800894152100759E75 /* Development */ = {
			isa = XCBuildConfiguration;
			buildSettings = {
				GCC_C_LANGUAGE_STANDARD = c99;
				PREBINDING = NO;
				SDKROOT = /Developer/SDKs/MacOSX10.4u.sdk;
			};
			name = Development;
		};
		E1203B810894152100759E75 /* Deployment */ = {
			isa = XCBuildConfiguration;
			buildSettings = {
				ARCHS = (
					ppc,
					i386,
				);
				GCC_C_LANGUAGE_STANDARD = c99;
				MACOSX_DEPLOYMENT_TARGET = 10.4;
				PREBINDING = NO;
				SDKROOT = /Developer/SDKs/MacOSX10.4u.sdk;
			};
			name = Deployment;
		};
		E1203B820894152100759E75 /* Default */ = {
			isa = XCBuildConfiguration;
			buildSettings = {
				GCC_C_LANGUAGE_STANDARD = c99;
				PREBINDING = NO;
				SDKROOT = /Developer/SDKs/MacOSX10.4u.sdk;
			};
			name = Default;
		};
/* End XCBuildConfiguration section */

/* Begin XCConfigurationList section */
		E1203B7B0894152100759E75 /* Build configuration list for PBXNativeTarget "AntiRSI" */ = {
			isa = XCConfigurationList;
			buildConfigurations = (
				E1203B7C0894152100759E75 /* Development */,
				E1203B7D0894152100759E75 /* Deployment */,
				E1203B7E0894152100759E75 /* Default */,
			);
			defaultConfigurationIsVisible = 0;
			defaultConfigurationName = Default;
		};
		E1203B7F0894152100759E75 /* Build configuration list for PBXProject "AntiRSI" */ = {
			isa = XCConfigurationList;
			buildConfigurations = (
				E1203B800894152100759E75 /* Development */,
				E1203B810894152100759E75 /* Deployment */,
				E1203B820894152100759E75 /* Default */,
			);
			defaultConfigurationIsVisible = 0;
			defaultConfigurationName = Default;
		};
/* End XCConfigurationList section */
	};
	rootObject = 29B97313FDCFA39411CA2CEA /* Project object */;
}
